{
  "lockfileVersion": 1,
  "workspaces": {
    "": {
      "name": "@kcexamples/bun-monorepo",
      "devDependencies": {
        "@biomejs/biome": "2.3.8",
        "@types/bun": "latest",
      },
    },
    "@kcexamples/demo": {
      "name": "@kcexamples/demo",
      "version": "0.1.0-beta.0",
      "dependencies": {
        "@kcexamples/hello": "workspace:*",
        "@kcexamples/world": "workspace:*",
      },
      "devDependencies": {
        "@kcinternals/bun-build": "workspace:*",
      },
    },
    "@kcexamples/hello": {
      "name": "@kcexamples/hello",
      "version": "0.1.0-beta.0",
      "devDependencies": {
        "@kcexamples/world": "workspace:*",
        "@kcinternals/bun-build": "workspace:*",
      },
    },
    "@kcexamples/world": {
      "name": "@kcexamples/world",
      "version": "0.1.0-beta.0",
      "devDependencies": {
        "@kcinternals/bun-build": "workspace:*",
      },
    },
    "@kcinternals/bun-build": {
      "name": "@kcinternals/bun-build",
      "version": "0.1.0-beta.0",
      "bin": {
        "bun-build": "dist/index.js",
      },
      "dependencies": {
        "oxc-transform": "0.101.0",
      },
      "devDependencies": {
        "@kctypes/package_json": "workspace:*",
      },
    },
    "@kctypes/package_json": {
      "name": "@kctypes/package_json",
      "version": "1.30.4",
      "peerDependencies": {
        "typescript": ">=2.0.0",
      },
    },
    "@kcws/reset.css": {
      "name": "@kcws/reset.css",
      "version": "0.1.0-beta.0",
      "dependencies": {
        "@kcinternals/bun-build": "workspace:*",
      },
    },
    "@kcws/reset.css/dist": {
      "name": "@kcexamples/reset.css",
      "version": "0.1.0-beta.0",
      "dependencies": {
        "@kcinternals/bun-build": "workspace:*",
      },
    },
  },
  "packages": {
    "@biomejs/biome": ["@biomejs/biome@2.3.8", "", { "optionalDependencies": { "@biomejs/cli-darwin-arm64": "2.3.8", "@biomejs/cli-darwin-x64": "2.3.8", "@biomejs/cli-linux-arm64": "2.3.8", "@biomejs/cli-linux-arm64-musl": "2.3.8", "@biomejs/cli-linux-x64": "2.3.8", "@biomejs/cli-linux-x64-musl": "2.3.8", "@biomejs/cli-win32-arm64": "2.3.8", "@biomejs/cli-win32-x64": "2.3.8" }, "bin": { "biome": "bin/biome" } }, "sha512-Qjsgoe6FEBxWAUzwFGFrB+1+M8y/y5kwmg5CHac+GSVOdmOIqsAiXM5QMVGZJ1eCUCLlPZtq4aFAQ0eawEUuUA=="],

    "@biomejs/cli-darwin-arm64": ["@biomejs/cli-darwin-arm64@2.3.8", "", { "os": "darwin", "cpu": "arm64" }, "sha512-HM4Zg9CGQ3txTPflxD19n8MFPrmUAjaC7PQdLkugeeC0cQ+PiVrd7i09gaBS/11QKsTDBJhVg85CEIK9f50Qww=="],

    "@biomejs/cli-darwin-x64": ["@biomejs/cli-darwin-x64@2.3.8", "", { "os": "darwin", "cpu": "x64" }, "sha512-lUDQ03D7y/qEao7RgdjWVGCu+BLYadhKTm40HkpJIi6kn8LSv5PAwRlew/DmwP4YZ9ke9XXoTIQDO1vAnbRZlA=="],

    "@biomejs/cli-linux-arm64": ["@biomejs/cli-linux-arm64@2.3.8", "", { "os": "linux", "cpu": "arm64" }, "sha512-Uo1OJnIkJgSgF+USx970fsM/drtPcQ39I+JO+Fjsaa9ZdCN1oysQmy6oAGbyESlouz+rzEckLTF6DS7cWse95g=="],

    "@biomejs/cli-linux-arm64-musl": ["@biomejs/cli-linux-arm64-musl@2.3.8", "", { "os": "linux", "cpu": "arm64" }, "sha512-PShR4mM0sjksUMyxbyPNMxoKFPVF48fU8Qe8Sfx6w6F42verbwRLbz+QiKNiDPRJwUoMG1nPM50OBL3aOnTevA=="],

    "@biomejs/cli-linux-x64": ["@biomejs/cli-linux-x64@2.3.8", "", { "os": "linux", "cpu": "x64" }, "sha512-QDPMD5bQz6qOVb3kiBui0zKZXASLo0NIQ9JVJio5RveBEFgDgsvJFUvZIbMbUZT3T00M/1wdzwWXk4GIh0KaAw=="],

    "@biomejs/cli-linux-x64-musl": ["@biomejs/cli-linux-x64-musl@2.3.8", "", { "os": "linux", "cpu": "x64" }, "sha512-YGLkqU91r1276uwSjiUD/xaVikdxgV1QpsicT0bIA1TaieM6E5ibMZeSyjQ/izBn4tKQthUSsVZacmoJfa3pDA=="],

    "@biomejs/cli-win32-arm64": ["@biomejs/cli-win32-arm64@2.3.8", "", { "os": "win32", "cpu": "arm64" }, "sha512-H4IoCHvL1fXKDrTALeTKMiE7GGWFAraDwBYFquE/L/5r1927Te0mYIGseXi4F+lrrwhSWbSGt5qPFswNoBaCxg=="],

    "@biomejs/cli-win32-x64": ["@biomejs/cli-win32-x64@2.3.8", "", { "os": "win32", "cpu": "x64" }, "sha512-RguzimPoZWtBapfKhKjcWXBVI91tiSprqdBYu7tWhgN8pKRZhw24rFeNZTNf6UiBfjCYCi9eFQs/JzJZIhuK4w=="],

    "@emnapi/core": ["@emnapi/core@1.7.1", "", { "dependencies": { "@emnapi/wasi-threads": "1.1.0", "tslib": "^2.4.0" } }, "sha512-o1uhUASyo921r2XtHYOHy7gdkGLge8ghBEQHMWmyJFoXlpU58kIrhhN3w26lpQb6dspetweapMn2CSNwQ8I4wg=="],

    "@emnapi/runtime": ["@emnapi/runtime@1.7.1", "", { "dependencies": { "tslib": "^2.4.0" } }, "sha512-PVtJr5CmLwYAU9PZDMITZoR5iAOShYREoR45EyyLrbntV50mdePTgUn4AmOw90Ifcj+x2kRjdzr1HP3RrNiHGA=="],

    "@emnapi/wasi-threads": ["@emnapi/wasi-threads@1.1.0", "", { "dependencies": { "tslib": "^2.4.0" } }, "sha512-WI0DdZ8xFSbgMjR1sFsKABJ/C5OnRrjT06JXbZKexJGrDuPTzZdDYfFlsgcCXCyf+suG5QU2e/y1Wo2V/OapLQ=="],

    "@kcexamples/demo": ["@kcexamples/demo@workspace:@kcexamples/demo"],

    "@kcexamples/hello": ["@kcexamples/hello@workspace:@kcexamples/hello"],

    "@kcexamples/reset.css": ["@kcexamples/reset.css@workspace:@kcws/reset.css/dist"],

    "@kcexamples/world": ["@kcexamples/world@workspace:@kcexamples/world"],

    "@kcinternals/bun-build": ["@kcinternals/bun-build@workspace:@kcinternals/bun-build"],

    "@kctypes/package_json": ["@kctypes/package_json@workspace:@kctypes/package_json"],

    "@kcws/reset.css": ["@kcws/reset.css@workspace:@kcws/reset.css"],

    "@napi-rs/wasm-runtime": ["@napi-rs/wasm-runtime@1.1.0", "", { "dependencies": { "@emnapi/core": "^1.7.1", "@emnapi/runtime": "^1.7.1", "@tybys/wasm-util": "^0.10.1" } }, "sha512-Fq6DJW+Bb5jaWE69/qOE0D1TUN9+6uWhCeZpdnSBk14pjLcCWR7Q8n49PTSPHazM37JqrsdpEthXy2xn6jWWiA=="],

    "@oxc-transform/binding-android-arm64": ["@oxc-transform/binding-android-arm64@0.101.0", "", { "os": "android", "cpu": "arm64" }, "sha512-lT+hqOzjIV2AtbKyRVyRGXyHuFO6+MBRtISENcSDWZsjATDSUtLf1RfKW7V7+iF8BFlmTlxdmsaSJCtevESIlA=="],

    "@oxc-transform/binding-darwin-arm64": ["@oxc-transform/binding-darwin-arm64@0.101.0", "", { "os": "darwin", "cpu": "arm64" }, "sha512-qZpGsns3Hb/plFVyyoh2j49I7rag0Taw/y1WDC27a2Lzcmp5FnBv3FX+Zyo4cf9j8y7DSuMNoffvhcBI4Q4mcQ=="],

    "@oxc-transform/binding-darwin-x64": ["@oxc-transform/binding-darwin-x64@0.101.0", "", { "os": "darwin", "cpu": "x64" }, "sha512-nv1PmUP/MiQruFxEmaCVhvgacEOL1cfZiTynjaa855YUSSbKqwzoEDV3m6eqrCiYwVhRRdMj4KvbrhO9Mnx7sA=="],

    "@oxc-transform/binding-freebsd-x64": ["@oxc-transform/binding-freebsd-x64@0.101.0", "", { "os": "freebsd", "cpu": "x64" }, "sha512-Xwv1OH0ekowrIhvbimOsOjhKYlK1wTeAQNS0tXD6VTHmulLaAohu7AsehoP+wBL1bJtZznmXOokBt72NwRtk2Q=="],

    "@oxc-transform/binding-linux-arm-gnueabihf": ["@oxc-transform/binding-linux-arm-gnueabihf@0.101.0", "", { "os": "linux", "cpu": "arm" }, "sha512-N79DO6eWwhQqMvd4LOuRPJj3tciFGlC9opxpY6MOdmCgOw2FDkA01411FNQvuGh/vNe2FyZqx/dsH5mxH5prRw=="],

    "@oxc-transform/binding-linux-arm64-gnu": ["@oxc-transform/binding-linux-arm64-gnu@0.101.0", "", { "os": "linux", "cpu": "arm64" }, "sha512-xYJAhFZFJy/vQZgDMAHYJiS92D8eIA6V6b6+9U2f9JwwoGwrJmcIOJXZNiaAzwZY+eIs2yf2H3Z0ijGh/bYSwg=="],

    "@oxc-transform/binding-linux-arm64-musl": ["@oxc-transform/binding-linux-arm64-musl@0.101.0", "", { "os": "linux", "cpu": "arm64" }, "sha512-SNsXOj3w7FHRJVcaRb9gT5RC9xxmRzkQLmYQx/Y2Ve70uOFNByr5Hrt4aaREjs7LtU1PQAHuYmfe3AHGESOPjQ=="],

    "@oxc-transform/binding-linux-riscv64-gnu": ["@oxc-transform/binding-linux-riscv64-gnu@0.101.0", "", { "os": "linux", "cpu": "none" }, "sha512-vXktY7rDZqR+jARqyyoro8hDfESAUtIQPbRgChbsIYyQ6pOqhiiNqLmZAMkW3EhKc68vUoBXGCoNQbpILsjb6w=="],

    "@oxc-transform/binding-linux-s390x-gnu": ["@oxc-transform/binding-linux-s390x-gnu@0.101.0", "", { "os": "linux", "cpu": "s390x" }, "sha512-ZU9RPoBdvu+aKgqaK04NEAYabZpdUyE2hynENZ+sVvfkU8Ywl4cM6wjo04aJYV0jZj2ETITJQSYba5t0P+hKPA=="],

    "@oxc-transform/binding-linux-x64-gnu": ["@oxc-transform/binding-linux-x64-gnu@0.101.0", "", { "os": "linux", "cpu": "x64" }, "sha512-xSiZUfUpjcxWehC1cDOFjk4kHvKEvKLOmIyoYI85e60FCLMe0XcWzfnh3lHxccuhA+Mcu4K1wpTHb4uJ2WcVAQ=="],

    "@oxc-transform/binding-linux-x64-musl": ["@oxc-transform/binding-linux-x64-musl@0.101.0", "", { "os": "linux", "cpu": "x64" }, "sha512-9RXKmQMWqz17Oiv6jYcPewaaI6JcbIJ7ZK05v3PhrpGVDzpc82oV8HS4w5EMZ2v6Th2t+2U7RVQFF+oefRgctg=="],

    "@oxc-transform/binding-openharmony-arm64": ["@oxc-transform/binding-openharmony-arm64@0.101.0", "", { "os": "none", "cpu": "arm64" }, "sha512-7fgo6noOzQVrwOsI4mcUdBY726PesLn5coF/FRooUrOR6wWeZkQnZXGcNto+8uCUcY32r1q8dbNNaQjJzainuA=="],

    "@oxc-transform/binding-wasm32-wasi": ["@oxc-transform/binding-wasm32-wasi@0.101.0", "", { "dependencies": { "@napi-rs/wasm-runtime": "^1.0.7" }, "cpu": "none" }, "sha512-9u5kFAL6wUGY8Z8zH0fSEPCnJW/tEPRFh+G2xBoRbjqmkjyOhlxSM3qgZ6Gc4hKIrpcNAUEIL74ZS6Jw2XcvJg=="],

    "@oxc-transform/binding-win32-arm64-msvc": ["@oxc-transform/binding-win32-arm64-msvc@0.101.0", "", { "os": "win32", "cpu": "arm64" }, "sha512-uApeorjS6V9/QQOjranp4p27y49yh9aW/rKiExCm2Iw3377FwZ/ic0homfvuW+S9duFFXVYAMDkeKM+4yj/blQ=="],

    "@oxc-transform/binding-win32-x64-msvc": ["@oxc-transform/binding-win32-x64-msvc@0.101.0", "", { "os": "win32", "cpu": "x64" }, "sha512-rKVXD87+8dyHX77qFuv9ByTvYCPNhHw+x61QomUg3Qz5DAz1yRmcYVMhT9ICQRFwe/k9ZJ25z7+pM9Es4UPViA=="],

    "@tybys/wasm-util": ["@tybys/wasm-util@0.10.1", "", { "dependencies": { "tslib": "^2.4.0" } }, "sha512-9tTaPJLSiejZKx+Bmog4uSubteqTvFrVrURwkmHixBo0G4seD0zUxp98E1DzUBJxLQ3NPwXrGKDiVjwx/DpPsg=="],

    "@types/bun": ["@types/bun@1.3.3", "", { "dependencies": { "bun-types": "1.3.3" } }, "sha512-ogrKbJ2X5N0kWLLFKeytG0eHDleBYtngtlbu9cyBKFtNL3cnpDZkNdQj8flVf6WTZUX5ulI9AY1oa7ljhSrp+g=="],

    "@types/node": ["@types/node@24.10.1", "", { "dependencies": { "undici-types": "~7.16.0" } }, "sha512-GNWcUTRBgIRJD5zj+Tq0fKOJ5XZajIiBroOF0yvj2bSU1WvNdYS/dn9UxwsujGW4JX06dnHyjV2y9rRaybH0iQ=="],

    "bun-types": ["bun-types@1.3.3", "", { "dependencies": { "@types/node": "*" } }, "sha512-z3Xwlg7j2l9JY27x5Qn3Wlyos8YAp0kKRlrePAOjgjMGS5IG6E7Jnlx736vH9UVI4wUICwwhC9anYL++XeOgTQ=="],

    "oxc-transform": ["oxc-transform@0.101.0", "", { "optionalDependencies": { "@oxc-transform/binding-android-arm64": "0.101.0", "@oxc-transform/binding-darwin-arm64": "0.101.0", "@oxc-transform/binding-darwin-x64": "0.101.0", "@oxc-transform/binding-freebsd-x64": "0.101.0", "@oxc-transform/binding-linux-arm-gnueabihf": "0.101.0", "@oxc-transform/binding-linux-arm64-gnu": "0.101.0", "@oxc-transform/binding-linux-arm64-musl": "0.101.0", "@oxc-transform/binding-linux-riscv64-gnu": "0.101.0", "@oxc-transform/binding-linux-s390x-gnu": "0.101.0", "@oxc-transform/binding-linux-x64-gnu": "0.101.0", "@oxc-transform/binding-linux-x64-musl": "0.101.0", "@oxc-transform/binding-openharmony-arm64": "0.101.0", "@oxc-transform/binding-wasm32-wasi": "0.101.0", "@oxc-transform/binding-win32-arm64-msvc": "0.101.0", "@oxc-transform/binding-win32-x64-msvc": "0.101.0" } }, "sha512-I3+aYE4dQaN/jD0NgTylF20a5IxgD4OL7gGSkQfvKQ/rGc3dFZJH5b0rkVDCELQpFzCtxaD+sPYOYhazubhNNg=="],

    "tslib": ["tslib@2.8.1", "", {}, "sha512-oJFu94HQb+KVduSUQL7wnpmqnfmLsOA/nAh6b6EH0wCEoK0/mPeXU6c3wKDV83MkOuHPRHtSXKKU99IBazS/2w=="],

    "typescript": ["typescript@5.9.3", "", { "bin": { "tsc": "bin/tsc", "tsserver": "bin/tsserver" } }, "sha512-jl1vZzPDinLr9eUt3J/t7V6FgNEw9QjvBPdysz9KfQDD41fQrC2Y4vKQdiaUpFT4bXlb1RHhLpp8wtm6M5TgSw=="],

    "undici-types": ["undici-types@7.16.0", "", {}, "sha512-Zz+aZWSj8LE6zoxD+xrjh4VfkIG8Ya6LvYkZqtUQGJPZjYl53ypCaUwWqo7eI0x66KBGeRo+mlBEkMSeSZ38Nw=="],
  }
}
